
Microsoft Visual Studio Solution File, Format Version 12.00
# Visual Studio Version 17
VisualStudioVersion = 17.9.34701.34
MinimumVisualStudioVersion = 10.0.40219.1
Project("{8BC9CEB8-8B4A-11D0-8D11-00A0C91BC942}") = "wallbreaker", "wallbreaker.vcxproj", "{96AB051D-ED61-4DC6-B173-A2ED289CA09E}"
EndProject
Global
	GlobalSection(SolutionConfigurationPlatforms) = preSolution
		Debug|x86 = Debug|x86
		Release|x86 = Release|x86
	EndGlobalSection
	GlobalSection(ProjectConfigurationPlatforms) = postSolution
		{96AB051D-ED61-4DC6-B173-A2ED289CA09E}.Debug|x86.ActiveCfg = Debug|Win32
		{96AB051D-ED61-4DC6-B173-A2ED289CA09E}.Debug|x86.Build.0 = Debug|Win32
		{96AB051D-ED61-4DC6-B173-A2ED289CA09E}.Release|x86.ActiveCfg = Release|Win32
		{96AB051D-ED61-4DC6-B173-A2ED289CA09E}.Release|x86.Build.0 = Release|Win32
	EndGlobalSection
	GlobalSection(SolutionProperties) = preSolution
		HideSolutionNode = FALSE
	EndGlobalSection
	GlobalSection(ExtensibilityGlobals) = postSolution
		SolutionGuid = {E4265AA1-307A-49B5-AAA1-11D0DDC0B172}
	EndGlobalSection
EndGlobal
